{
  "name": "upload-service",
  "version": "1.0.0",
  "lockfileVersion": 1,
  "dependencies": {
    "ansi-styles": {
      "version": "3.2.0",
      "resolved": "https://registry.npmjs.org/ansi-styles/-/ansi-styles-3.2.0.tgz",
      "integrity": "sha512-NnSOmMEYtVR2JVMIGTzynRkkaxtiq1xnFBcdQD/DnNCYPoEPsVJhM98BDyaoNOQIi7p4okdi3E27eN7GQbsUug==",
      "requires": {
        "color-convert": "1.9.0"
      }
    },
    "async": {
      "version": "1.5.2",
      "resolved": "https://registry.npmjs.org/async/-/async-1.5.2.tgz",
      "integrity": "sha1-7GphrlZIDAw8skHJVhjiCJL5Zyo="
    },
    "block-stream2": {
      "version": "1.1.0",
      "resolved": "https://registry.npmjs.org/block-stream2/-/block-stream2-1.1.0.tgz",
      "integrity": "sha1-xzjjqRupd+u14f70MeE8oR2GOeI=",
      "requires": {
        "defined": "1.0.0",
        "inherits": "2.0.3",
        "readable-stream": "2.3.3"
      }
    },
    "bloomrun": {
      "version": "4.0.0",
      "resolved": "https://registry.npmjs.org/bloomrun/-/bloomrun-4.0.0.tgz",
      "integrity": "sha512-2fY8O3uEdomeEt6bYhlfYq6EfHWAZogoK8aYL1sjcGNteAMyW0yuT0/vcHu6XEqXKwq6Ea22gdjZslr5OqAl9w==",
      "requires": {
        "sorted-array-functions": "1.0.0"
      }
    },
    "boom": {
      "version": "5.2.0",
      "resolved": "https://registry.npmjs.org/boom/-/boom-5.2.0.tgz",
      "integrity": "sha512-Z5BTk6ZRe4tXXQlkqftmsAUANpXmuwlsF5Oov8ThoMbQRzdGTA1ngYRW160GexgOgjsFOKJz0LYhoNi+2AMBUw==",
      "requires": {
        "hoek": "4.2.0"
      }
    },
    "chalk": {
      "version": "2.3.0",
      "resolved": "https://registry.npmjs.org/chalk/-/chalk-2.3.0.tgz",
      "integrity": "sha512-Az5zJR2CBujap2rqXGaJKaPHyJ0IrUimvYNX+ncCy8PJP4ltOGTrHUIo097ZaL2zMeKYpiCdqDvS6zdrTFok3Q==",
      "requires": {
        "ansi-styles": "3.2.0",
        "escape-string-regexp": "1.0.5",
        "supports-color": "4.5.0"
      }
    },
    "co": {
      "version": "4.6.0",
      "resolved": "https://registry.npmjs.org/co/-/co-4.6.0.tgz",
      "integrity": "sha1-bqa989hTrlTMuOR7+gvz+QMfsYQ="
    },
    "color-convert": {
      "version": "1.9.0",
      "resolved": "https://registry.npmjs.org/color-convert/-/color-convert-1.9.0.tgz",
      "integrity": "sha1-Gsz5fdc5uYO/mU1W/sj5WFNkG3o=",
      "requires": {
        "color-name": "1.1.3"
      }
    },
    "color-name": {
      "version": "1.1.3",
      "resolved": "https://registry.npmjs.org/color-name/-/color-name-1.1.3.tgz",
      "integrity": "sha1-p9BVi9icQveV3UIyj3QIMcpTvCU="
    },
    "concat-stream": {
      "version": "1.6.0",
      "resolved": "https://registry.npmjs.org/concat-stream/-/concat-stream-1.6.0.tgz",
      "integrity": "sha1-CqxmL9Ur54lk1VMvaUeE5wEQrPc=",
      "requires": {
        "inherits": "2.0.3",
        "readable-stream": "2.3.3",
        "typedarray": "0.0.6"
      }
    },
    "cookie": {
      "version": "0.3.1",
      "resolved": "https://registry.npmjs.org/cookie/-/cookie-0.3.1.tgz",
      "integrity": "sha1-5+Ch+e9DtMi6klxcWpboBtFoc7s="
    },
    "core-util-is": {
      "version": "1.0.2",
      "resolved": "https://registry.npmjs.org/core-util-is/-/core-util-is-1.0.2.tgz",
      "integrity": "sha1-tf1UIgqivFq1eqtxQMlAdUUDwac="
    },
    "defined": {
      "version": "1.0.0",
      "resolved": "https://registry.npmjs.org/defined/-/defined-1.0.0.tgz",
      "integrity": "sha1-yY2bzvdWdBiOEQlpFRGZ45sfppM="
    },
    "end-of-stream": {
      "version": "1.4.0",
      "resolved": "https://registry.npmjs.org/end-of-stream/-/end-of-stream-1.4.0.tgz",
      "integrity": "sha1-epDYM+/abPpurA9JSduw+tOmMgY=",
      "requires": {
        "once": "1.4.0"
      }
    },
    "errio": {
      "version": "1.2.2",
      "resolved": "https://registry.npmjs.org/errio/-/errio-1.2.2.tgz",
      "integrity": "sha1-JDCvpm+m3DY9tYjD2DxEB6hdAlU="
    },
    "es6-error": {
      "version": "2.1.1",
      "resolved": "https://registry.npmjs.org/es6-error/-/es6-error-2.1.1.tgz",
      "integrity": "sha1-kThDAexe0cmnJH0RKCRyFvA1R80="
    },
    "escape-string-regexp": {
      "version": "1.0.5",
      "resolved": "https://registry.npmjs.org/escape-string-regexp/-/escape-string-regexp-1.0.5.tgz",
      "integrity": "sha1-G2HAViGQqN/2rjuyzwIAyhMLhtQ="
    },
    "fast-json-parse": {
      "version": "1.0.3",
      "resolved": "https://registry.npmjs.org/fast-json-parse/-/fast-json-parse-1.0.3.tgz",
      "integrity": "sha512-FRWsaZRWEJ1ESVNbDWmsAlqDk96gPQezzLghafp5J4GUKjbCz3OkAHuZs5TuPEtkbVQERysLp9xv6c24fBm8Aw=="
    },
    "fast-safe-stringify": {
      "version": "1.2.0",
      "resolved": "https://registry.npmjs.org/fast-safe-stringify/-/fast-safe-stringify-1.2.0.tgz",
      "integrity": "sha1-69QmZv0Y/k8rpPDSlQZfP4XK3pY="
    },
    "fastparallel": {
      "version": "2.3.0",
      "resolved": "https://registry.npmjs.org/fastparallel/-/fastparallel-2.3.0.tgz",
      "integrity": "sha1-HnCb+2oDmT84V+POfwExHOdgJhM=",
      "requires": {
        "reusify": "1.0.3",
        "xtend": "4.0.1"
      }
    },
    "flatstr": {
      "version": "1.0.5",
      "resolved": "https://registry.npmjs.org/flatstr/-/flatstr-1.0.5.tgz",
      "integrity": "sha1-W0UbCMvUji6sVKK74L9GFlqhS+M="
    },
    "has-flag": {
      "version": "2.0.0",
      "resolved": "https://registry.npmjs.org/has-flag/-/has-flag-2.0.0.tgz",
      "integrity": "sha1-6CB68cx7MNRGzHC3NLXovhj4jVE="
    },
    "heavy": {
      "version": "4.0.4",
      "resolved": "https://registry.npmjs.org/heavy/-/heavy-4.0.4.tgz",
      "integrity": "sha1-NskTNsAMz+hSyqTRUwhjNc0vAOk=",
      "requires": {
        "boom": "5.2.0",
        "hoek": "4.2.0",
        "joi": "10.6.0"
      }
    },
    "hemera-joi": {
      "version": "1.2.2",
      "resolved": "https://registry.npmjs.org/hemera-joi/-/hemera-joi-1.2.2.tgz",
      "integrity": "sha512-Mr7/o2n8TZrjwtEPGWBgsXiQZyeFxHbJgRkrCpnIqzn+bwqPnArvNtgJjHm3vw2LNZ8bPdkmlD1bjSvixti0yQ==",
      "requires": {
        "hemera-plugin": "0.0.12",
        "joi": "10.6.0"
      },
      "dependencies": {
        "hemera-plugin": {
          "version": "0.0.12",
          "resolved": "https://registry.npmjs.org/hemera-plugin/-/hemera-plugin-0.0.12.tgz",
          "integrity": "sha512-seOD+umfCbJf6QxmeMFSZMhCKhTkMIZhJAJJW9NFXZSYB+hI8Re9A/1KHvteob0A6sUH1cpr4mu/2G3KOkSBHQ==",
          "requires": {
            "semver": "5.3.0"
          }
        }
      }
    },
    "hemera-plugin": {
      "version": "0.0.7",
      "resolved": "https://registry.npmjs.org/hemera-plugin/-/hemera-plugin-0.0.7.tgz",
      "integrity": "sha1-HBMDZqOVllA8GC8WIYJzuddwq+U=",
      "requires": {
        "semver": "5.3.0"
      }
    },
    "hoek": {
      "version": "4.2.0",
      "resolved": "https://registry.npmjs.org/hoek/-/hoek-4.2.0.tgz",
      "integrity": "sha512-v0XCLxICi9nPfYrS9RL8HbYnXi9obYAeLbSP00BmnZwCK9+Ih9WOjoZ8YoHCoav2csqn4FOz4Orldsy2dmDwmQ=="
    },
    "inherits": {
      "version": "2.0.3",
      "resolved": "https://registry.npmjs.org/inherits/-/inherits-2.0.3.tgz",
      "integrity": "sha1-Yzwsg+PaQqUC9SRmAiSA9CCCYd4="
    },
    "isarray": {
      "version": "1.0.0",
      "resolved": "https://registry.npmjs.org/isarray/-/isarray-1.0.0.tgz",
      "integrity": "sha1-u5NdSFgsuhaMBoNJV6VKPgcSTxE="
    },
    "isemail": {
      "version": "2.2.1",
      "resolved": "https://registry.npmjs.org/isemail/-/isemail-2.2.1.tgz",
      "integrity": "sha1-A1PT2aYpUQgMJiwqoKQrjqjp4qY="
    },
    "items": {
      "version": "2.1.1",
      "resolved": "https://registry.npmjs.org/items/-/items-2.1.1.tgz",
      "integrity": "sha1-i9FtnIOxlSneWuoyGsqtp4NkoZg="
    },
    "joi": {
      "version": "10.6.0",
      "resolved": "https://registry.npmjs.org/joi/-/joi-10.6.0.tgz",
      "integrity": "sha512-hBF3LcqyAid+9X/pwg+eXjD2QBZI5eXnBFJYaAkH4SK3mp9QSRiiQnDYlmlz5pccMvnLcJRS4whhDOTCkmsAdQ==",
      "requires": {
        "hoek": "4.2.0",
        "isemail": "2.2.1",
        "items": "2.1.1",
        "topo": "2.0.2"
      }
    },
    "json-stream": {
      "version": "1.0.0",
      "resolved": "https://registry.npmjs.org/json-stream/-/json-stream-1.0.0.tgz",
      "integrity": "sha1-GjhU4o0rvuqzHMfd9oPS3cVlJwg="
    },
    "lodash": {
      "version": "4.17.4",
      "resolved": "https://registry.npmjs.org/lodash/-/lodash-4.17.4.tgz",
      "integrity": "sha1-eCA6TRwyiuHYbcpkYONptX9AVa4="
    },
    "lsmod": {
      "version": "1.0.0",
      "resolved": "https://registry.npmjs.org/lsmod/-/lsmod-1.0.0.tgz",
      "integrity": "sha1-mgD3bco26yP6BTUK/htYXUKZ5ks="
    },
    "mime-db": {
      "version": "1.30.0",
      "resolved": "https://registry.npmjs.org/mime-db/-/mime-db-1.30.0.tgz",
      "integrity": "sha1-dMZD2i3Z1qRTmZY0ZbJtXKfXHwE="
    },
    "mime-types": {
      "version": "2.1.17",
      "resolved": "https://registry.npmjs.org/mime-types/-/mime-types-2.1.17.tgz",
      "integrity": "sha1-Cdejk/A+mVp5+K+Fe3Cp4KsWVXo=",
      "requires": {
        "mime-db": "1.30.0"
      }
    },
    "minimist": {
      "version": "0.0.8",
      "resolved": "https://registry.npmjs.org/minimist/-/minimist-0.0.8.tgz",
      "integrity": "sha1-hX/Kv8M5fSYluCKCYuhqp6ARsF0="
    },
    "minio": {
      "version": "3.2.1",
      "resolved": "https://registry.npmjs.org/minio/-/minio-3.2.1.tgz",
      "integrity": "sha1-KDscre8zgZTKlO7nsA24WGOrSYQ=",
      "requires": {
        "async": "1.5.2",
        "block-stream2": "1.1.0",
        "concat-stream": "1.6.0",
        "es6-error": "2.1.1",
        "json-stream": "1.0.0",
        "lodash": "4.17.4",
        "mime-types": "2.1.17",
        "mkdirp": "0.5.1",
        "source-map-support": "0.4.18",
        "through2": "0.6.5",
        "uuid": "3.1.0",
        "xml": "1.0.1",
        "xml2js": "0.4.19"
      }
    },
    "mkdirp": {
      "version": "0.5.1",
      "resolved": "https://registry.npmjs.org/mkdirp/-/mkdirp-0.5.1.tgz",
      "integrity": "sha1-MAV0OOrGz3+MR2fzhkjWaX11yQM=",
      "requires": {
        "minimist": "0.0.8"
      }
    },
    "nats": {
      "version": "0.7.24",
      "resolved": "https://registry.npmjs.org/nats/-/nats-0.7.24.tgz",
      "integrity": "sha1-fSdofC29iqYFipkP7mz1wb3Idig=",
      "requires": {
        "nuid": "0.6.14"
      }
    },
    "nats-hemera": {
      "version": "1.6.2",
      "resolved": "https://registry.npmjs.org/nats-hemera/-/nats-hemera-1.6.2.tgz",
      "integrity": "sha512-TXL3586PE0iPBM4qdatDD42HRYdavx+9tBzS7XVL+frSNQKTEYB07bCypfxDl5slAxUeIrgjJqX/hY3CHOyopQ==",
      "requires": {
        "bloomrun": "4.0.0",
        "co": "4.6.0",
        "errio": "1.2.2",
        "fast-safe-stringify": "1.2.0",
        "fastparallel": "2.3.0",
        "heavy": "4.0.4",
        "hoek": "4.2.0",
        "joi": "11.0.3",
        "lodash": "4.17.4",
        "pino": "4.7.3",
        "super-error": "2.1.1",
        "tinysonic": "1.3.0"
      },
      "dependencies": {
        "isemail": {
          "version": "3.0.0",
          "resolved": "https://registry.npmjs.org/isemail/-/isemail-3.0.0.tgz",
          "integrity": "sha512-rz0ng/c+fX+zACpLgDB8fnUQ845WSU06f4hlhk4K8TJxmR6f5hyvitu9a9JdMD7aq/P4E0XdG1uaab2OiXgHlA==",
          "requires": {
            "punycode": "2.1.0"
          }
        },
        "joi": {
          "version": "11.0.3",
          "resolved": "https://registry.npmjs.org/joi/-/joi-11.0.3.tgz",
          "integrity": "sha512-K3unbIK4ayKbqxs/W/bOHAKEzy8pXmJEW5xqpPxUN/zjWxlKryEn+GxwSxTIyAHEoKeYWRLiatNqZDEb9r7fIg==",
          "requires": {
            "hoek": "4.2.0",
            "isemail": "3.0.0",
            "items": "2.1.1",
            "topo": "2.0.2"
          }
        }
      }
    },
    "nuid": {
      "version": "0.6.14",
      "resolved": "https://registry.npmjs.org/nuid/-/nuid-0.6.14.tgz",
      "integrity": "sha1-oiXItyDkbFY62NE2QTaGafbCW0g="
    },
    "once": {
      "version": "1.4.0",
      "resolved": "https://registry.npmjs.org/once/-/once-1.4.0.tgz",
      "integrity": "sha1-WDsap3WWHUsROsF9nFC6753Xa9E=",
      "requires": {
        "wrappy": "1.0.2"
      }
    },
    "pino": {
      "version": "4.7.3",
      "resolved": "https://registry.npmjs.org/pino/-/pino-4.7.3.tgz",
      "integrity": "sha1-urt//x+c9nyBsqF3/dgDWlkgZIU=",
      "requires": {
        "chalk": "2.3.0",
        "fast-json-parse": "1.0.3",
        "fast-safe-stringify": "1.2.0",
        "flatstr": "1.0.5",
        "pump": "1.0.2",
        "quick-format-unescaped": "1.1.1",
        "split2": "2.2.0"
      }
    },
    "process-nextick-args": {
      "version": "1.0.7",
      "resolved": "https://registry.npmjs.org/process-nextick-args/-/process-nextick-args-1.0.7.tgz",
      "integrity": "sha1-FQ4gt1ZZCtP5EJPyWk8q2L/zC6M="
    },
    "pump": {
      "version": "1.0.2",
      "resolved": "https://registry.npmjs.org/pump/-/pump-1.0.2.tgz",
      "integrity": "sha1-Oz7mUS+U8OV1U4wXmV+fFpkKXVE=",
      "requires": {
        "end-of-stream": "1.4.0",
        "once": "1.4.0"
      }
    },
    "punycode": {
      "version": "2.1.0",
      "resolved": "https://registry.npmjs.org/punycode/-/punycode-2.1.0.tgz",
      "integrity": "sha1-X4Y+3Im5bbCQdLrXlHvwkFbKTn0="
    },
    "quick-format-unescaped": {
      "version": "1.1.1",
      "resolved": "https://registry.npmjs.org/quick-format-unescaped/-/quick-format-unescaped-1.1.1.tgz",
      "integrity": "sha1-53VV7z5m4QXUA54T73kgEoT+6RY=",
      "requires": {
        "fast-safe-stringify": "1.2.0"
      }
    },
    "raven": {
      "version": "2.2.1",
      "resolved": "https://registry.npmjs.org/raven/-/raven-2.2.1.tgz",
      "integrity": "sha1-V8f75oqAFH7FJ97z18AVdc+Uj+M=",
      "requires": {
        "cookie": "0.3.1",
        "lsmod": "1.0.0",
        "stack-trace": "0.0.9",
        "timed-out": "4.0.1",
        "uuid": "3.0.0"
      },
      "dependencies": {
        "uuid": {
          "version": "3.0.0",
          "resolved": "https://registry.npmjs.org/uuid/-/uuid-3.0.0.tgz",
          "integrity": "sha1-Zyj8BFnEUNeWqZwxg3VpvfZy1yg="
        }
      }
    },
    "readable-stream": {
      "version": "2.3.3",
      "resolved": "https://registry.npmjs.org/readable-stream/-/readable-stream-2.3.3.tgz",
      "integrity": "sha512-m+qzzcn7KUxEmd1gMbchF+Y2eIUbieUaxkWtptyHywrX0rE8QEYqPC07Vuy4Wm32/xE16NcdBctb8S0Xe/5IeQ==",
      "requires": {
        "core-util-is": "1.0.2",
        "inherits": "2.0.3",
        "isarray": "1.0.0",
        "process-nextick-args": "1.0.7",
        "safe-buffer": "5.1.1",
        "string_decoder": "1.0.3",
        "util-deprecate": "1.0.2"
      }
    },
    "reusify": {
      "version": "1.0.3",
      "resolved": "https://registry.npmjs.org/reusify/-/reusify-1.0.3.tgz",
      "integrity": "sha512-t8ZQIaf4CHxy8mb4QddDuGOygGiSSiJHMZrtrC+4E7urVtqON4dHVwmV0gfiBOE1tt5p1puae6o8e0b3wkr1Ag=="
    },
    "safe-buffer": {
      "version": "5.1.1",
      "resolved": "https://registry.npmjs.org/safe-buffer/-/safe-buffer-5.1.1.tgz",
      "integrity": "sha512-kKvNJn6Mm93gAczWVJg7wH+wGYWNrDHdWvpUmHyEsgCtIwwo3bqPtV4tR5tuPaUhTOo/kvhVwd8XwwOllGYkbg=="
    },
    "sax": {
      "version": "1.2.4",
      "resolved": "https://registry.npmjs.org/sax/-/sax-1.2.4.tgz",
      "integrity": "sha512-NqVDv9TpANUjFm0N8uM5GxL36UgKi9/atZw+x7YFnQ8ckwFGKrl4xX4yWtrey3UJm5nP1kUbnYgLopqWNSRhWw=="
    },
    "semver": {
      "version": "5.3.0",
      "resolved": "https://registry.npmjs.org/semver/-/semver-5.3.0.tgz",
      "integrity": "sha1-myzl094C0XxgEq0yaqa00M9U+U8="
    },
    "sorted-array-functions": {
      "version": "1.0.0",
      "resolved": "https://registry.npmjs.org/sorted-array-functions/-/sorted-array-functions-1.0.0.tgz",
      "integrity": "sha1-wLVU2ecJr/y+VtNMGyUUGX/Tgnk="
    },
    "source-map": {
      "version": "0.5.7",
      "resolved": "https://registry.npmjs.org/source-map/-/source-map-0.5.7.tgz",
      "integrity": "sha1-igOdLRAh0i0eoUyA2OpGi6LvP8w="
    },
    "source-map-support": {
      "version": "0.4.18",
      "resolved": "https://registry.npmjs.org/source-map-support/-/source-map-support-0.4.18.tgz",
      "integrity": "sha512-try0/JqxPLF9nOjvSta7tVondkP5dwgyLDjVoyMDlmjugT2lRZ1OfsrYTkCd2hkDnJTKRbO/Rl3orm8vlsUzbA==",
      "requires": {
        "source-map": "0.5.7"
      }
    },
    "split2": {
      "version": "2.2.0",
      "resolved": "https://registry.npmjs.org/split2/-/split2-2.2.0.tgz",
      "integrity": "sha512-RAb22TG39LhI31MbreBgIuKiIKhVsawfTgEGqKHTK87aG+ul/PB8Sqoi3I7kVdRWiCfrKxK3uo4/YUkpNvhPbw==",
      "requires": {
        "through2": "2.0.3"
      },
      "dependencies": {
        "through2": {
          "version": "2.0.3",
          "resolved": "https://registry.npmjs.org/through2/-/through2-2.0.3.tgz",
          "integrity": "sha1-AARWmzfHx0ujnEPzzteNGtlBQL4=",
          "requires": {
            "readable-stream": "2.3.3",
            "xtend": "4.0.1"
          }
        }
      }
    },
    "stack-trace": {
      "version": "0.0.9",
      "resolved": "https://registry.npmjs.org/stack-trace/-/stack-trace-0.0.9.tgz",
      "integrity": "sha1-qPbq7KkGdMMz58Q5U/J1tFFRBpU="
    },
    "string_decoder": {
      "version": "1.0.3",
      "resolved": "https://registry.npmjs.org/string_decoder/-/string_decoder-1.0.3.tgz",
      "integrity": "sha512-4AH6Z5fzNNBcH+6XDMfA/BTt87skxqJlO0lAh3Dker5zThcAxG6mKz+iGu308UKoPPQ8Dcqx/4JhujzltRa+hQ==",
      "requires": {
        "safe-buffer": "5.1.1"
      }
    },
    "super-error": {
      "version": "2.1.1",
      "resolved": "https://registry.npmjs.org/super-error/-/super-error-2.1.1.tgz",
      "integrity": "sha512-ikZbZ5GOBOdxRQtVwN28t4NLFPwECVWtGN1/Zqa+t7OdaOPNeYpmQy+p9QQjFEMsmRfcroPwmYHikCSngY5+xA=="
    },
    "supports-color": {
      "version": "4.5.0",
      "resolved": "https://registry.npmjs.org/supports-color/-/supports-color-4.5.0.tgz",
      "integrity": "sha1-vnoN5ITexcXN34s9WRJQRJEvY1s=",
      "requires": {
        "has-flag": "2.0.0"
      }
    },
    "through2": {
      "version": "0.6.5",
      "resolved": "https://registry.npmjs.org/through2/-/through2-0.6.5.tgz",
      "integrity": "sha1-QaucZ7KdVyCQcUEOHXp6lozTrUg=",
      "requires": {
        "readable-stream": "1.0.34",
        "xtend": "4.0.1"
      },
      "dependencies": {
        "isarray": {
          "version": "0.0.1",
          "resolved": "https://registry.npmjs.org/isarray/-/isarray-0.0.1.tgz",
          "integrity": "sha1-ihis/Kmo9Bd+Cav8YDiTmwXR7t8="
        },
        "readable-stream": {
          "version": "1.0.34",
          "resolved": "https://registry.npmjs.org/readable-stream/-/readable-stream-1.0.34.tgz",
          "integrity": "sha1-Elgg40vIQtLyqq+v5MKRbuMsFXw="
        },
        "string_decoder": {
          "version": "0.10.31",
          "resolved": "https://registry.npmjs.org/string_decoder/-/string_decoder-0.10.31.tgz",
          "integrity": "sha1-YuIDvEF2bGwoyfyEMB2rHFMQ+pQ="
        }
      }
    },
    "timed-out": {
      "version": "4.0.1",
      "resolved": "https://registry.npmjs.org/timed-out/-/timed-out-4.0.1.tgz",
      "integrity": "sha1-8y6srFoXW+ol1/q1Zas+2HQe9W8="
    },
    "tinysonic": {
      "version": "1.3.0",
      "resolved": "https://registry.npmjs.org/tinysonic/-/tinysonic-1.3.0.tgz",
      "integrity": "sha512-wAKKbTqVn32VxH8PoxNbZ1oCu9IDeyMuQbmdljPfw3D2qGKUe1+88XNhOUfp90pO61Wv66yWZFEpnkawTnSm6w=="
    },
    "topo": {
      "version": "2.0.2",
      "resolved": "https://registry.npmjs.org/topo/-/topo-2.0.2.tgz",
      "integrity": "sha1-zVYVdSU5BXwNwEkaYhw7xvvh0YI=",
      "requires": {
        "hoek": "4.2.0"
      }
    },
    "typedarray": {
      "version": "0.0.6",
      "resolved": "https://registry.npmjs.org/typedarray/-/typedarray-0.0.6.tgz",
      "integrity": "sha1-hnrHTjhkGHsdPUfZlqeOxciDB3c="
    },
    "util-deprecate": {
      "version": "1.0.2",
      "resolved": "https://registry.npmjs.org/util-deprecate/-/util-deprecate-1.0.2.tgz",
      "integrity": "sha1-RQ1Nyfpw3nMnYvvS1KKJgUGaDM8="
    },
    "uuid": {
      "version": "3.1.0",
      "resolved": "https://registry.npmjs.org/uuid/-/uuid-3.1.0.tgz",
      "integrity": "sha512-DIWtzUkw04M4k3bf1IcpS2tngXEL26YUD2M0tMDUpnUrz2hgzUBlD55a4FjdLGPvfHxS6uluGWvaVEqgBcVa+g=="
    },
    "wrappy": {
      "version": "1.0.2",
      "resolved": "https://registry.npmjs.org/wrappy/-/wrappy-1.0.2.tgz",
      "integrity": "sha1-tSQ9jz7BqjXxNkYFvA0QNuMKtp8="
    },
    "xml": {
      "version": "1.0.1",
      "resolved": "https://registry.npmjs.org/xml/-/xml-1.0.1.tgz",
      "integrity": "sha1-eLpyAgApxbyHuKgaPPzXS0ovweU="
    },
    "xml2js": {
      "version": "0.4.19",
      "resolved": "https://registry.npmjs.org/xml2js/-/xml2js-0.4.19.tgz",
      "integrity": "sha512-esZnJZJOiJR9wWKMyuvSE1y6Dq5LCuJanqhxslH2bxM6duahNZ+HMpCLhBQGZkbX6xRf8x1Y2eJlgt2q3qo49Q==",
      "requires": {
        "sax": "1.2.4",
        "xmlbuilder": "9.0.4"
      }
    },
    "xmlbuilder": {
      "version": "9.0.4",
      "resolved": "https://registry.npmjs.org/xmlbuilder/-/xmlbuilder-9.0.4.tgz",
      "integrity": "sha1-UZy0ymhtAFqEINNJbz8MruzKWA8="
    },
    "xtend": {
      "version": "4.0.1",
      "resolved": "https://registry.npmjs.org/xtend/-/xtend-4.0.1.tgz",
      "integrity": "sha1-pcbVMr5lbiPbgg77lDofBJmNY68="
    }
  }
}
